
Microsoft Visual Studio Solution File, Format Version 12.00
# Visual Studio Version 16
VisualStudioVersion = 16.0.29920.165
MinimumVisualStudioVersion = 10.0.40219.1
Project("{9A19103F-16F7-4668-BE54-9A1E7A4F7556}") = "grpcChatClient", "grpcChatClient\grpcChatClient.csproj", "{4A723063-FEC1-4DC3-B4CC-DFC1760203FA}"
EndProject
Project("{9A19103F-16F7-4668-BE54-9A1E7A4F7556}") = "grpcChatServer", "grpcChatServer\grpcChatServer.csproj", "{0E14A178-557F-405D-99EC-97778FAD9A37}"
EndProject
Project("{FAE04EC0-301F-11D3-BF4B-00C04F79EFBC}") = "grpcService", "grpcService\grpcService.csproj", "{735C9581-4503-492D-B7E8-196F8A9A0C83}"
EndProject
Global
	GlobalSection(SolutionConfigurationPlatforms) = preSolution
		Debug|Any CPU = Debug|Any CPU
		Release|Any CPU = Release|Any CPU
	EndGlobalSection
	GlobalSection(ProjectConfigurationPlatforms) = postSolution
		{4A723063-FEC1-4DC3-B4CC-DFC1760203FA}.Debug|Any CPU.ActiveCfg = Debug|Any CPU
		{4A723063-FEC1-4DC3-B4CC-DFC1760203FA}.Debug|Any CPU.Build.0 = Debug|Any CPU
		{4A723063-FEC1-4DC3-B4CC-DFC1760203FA}.Release|Any CPU.ActiveCfg = Release|Any CPU
		{4A723063-FEC1-4DC3-B4CC-DFC1760203FA}.Release|Any CPU.Build.0 = Release|Any CPU
		{0E14A178-557F-405D-99EC-97778FAD9A37}.Debug|Any CPU.ActiveCfg = Debug|Any CPU
		{0E14A178-557F-405D-99EC-97778FAD9A37}.Debug|Any CPU.Build.0 = Debug|Any CPU
		{0E14A178-557F-405D-99EC-97778FAD9A37}.Release|Any CPU.ActiveCfg = Release|Any CPU
		{0E14A178-557F-405D-99EC-97778FAD9A37}.Release|Any CPU.Build.0 = Release|Any CPU
		{735C9581-4503-492D-B7E8-196F8A9A0C83}.Debug|Any CPU.ActiveCfg = Debug|Any CPU
		{735C9581-4503-492D-B7E8-196F8A9A0C83}.Debug|Any CPU.Build.0 = Debug|Any CPU
		{735C9581-4503-492D-B7E8-196F8A9A0C83}.Release|Any CPU.ActiveCfg = Release|Any CPU
		{735C9581-4503-492D-B7E8-196F8A9A0C83}.Release|Any CPU.Build.0 = Release|Any CPU
	EndGlobalSection
	GlobalSection(SolutionProperties) = preSolution
		HideSolutionNode = FALSE
	EndGlobalSection
	GlobalSection(ExtensibilityGlobals) = postSolution
		SolutionGuid = {138C3228-1AED-43C4-BA65-59CAEC0F1ADC}
	EndGlobalSection
EndGlobal
